
Microsoft Visual Studio Solution File, Format Version 12.00
# Visual Studio Version 16
VisualStudioVersion = 16.0.31624.102
MinimumVisualStudioVersion = 10.0.40219.1
Project("{FAE04EC0-301F-11D3-BF4B-00C04F79EFBC}") = "Lab56", "Lab56\Lab56.csproj", "{38A87E85-1892-4EAC-995D-76FE8DD42FF1}"
EndProject
Global
	GlobalSection(SolutionConfigurationPlatforms) = preSolution
		Debug|Any CPU = Debug|Any CPU
		Release|Any CPU = Release|Any CPU
	EndGlobalSection
	GlobalSection(ProjectConfigurationPlatforms) = postSolution
		{38A87E85-1892-4EAC-995D-76FE8DD42FF1}.Debug|Any CPU.ActiveCfg = Debug|Any CPU
		{38A87E85-1892-4EAC-995D-76FE8DD42FF1}.Debug|Any CPU.Build.0 = Debug|Any CPU
		{38A87E85-1892-4EAC-995D-76FE8DD42FF1}.Release|Any CPU.ActiveCfg = Release|Any CPU
		{38A87E85-1892-4EAC-995D-76FE8DD42FF1}.Release|Any CPU.Build.0 = Release|Any CPU
	EndGlobalSection
	GlobalSection(SolutionProperties) = preSolution
		HideSolutionNode = FALSE
	EndGlobalSection
	GlobalSection(ExtensibilityGlobals) = postSolution
		SolutionGuid = {70198B31-857D-4B25-AF7A-3B04838DE07E}
	EndGlobalSection
EndGlobal
